
Microsoft Visual Studio Solution File, Format Version 12.00
# Visual Studio Version 16
VisualStudioVersion = 16.0.30611.23
MinimumVisualStudioVersion = 10.0.40219.1
Project("{FAE04EC0-301F-11D3-BF4B-00C04F79EFBC}") = "Facade", "Facade\Facade.csproj", "{B7248DF8-09A3-46E3-9203-4A2CA7BBB7D1}"
EndProject
Global
	GlobalSection(SolutionConfigurationPlatforms) = preSolution
		Debug|Any CPU = Debug|Any CPU
		Release|Any CPU = Release|Any CPU
	EndGlobalSection
	GlobalSection(ProjectConfigurationPlatforms) = postSolution
		{B7248DF8-09A3-46E3-9203-4A2CA7BBB7D1}.Debug|Any CPU.ActiveCfg = Debug|Any CPU
		{B7248DF8-09A3-46E3-9203-4A2CA7BBB7D1}.Debug|Any CPU.Build.0 = Debug|Any CPU
		{B7248DF8-09A3-46E3-9203-4A2CA7BBB7D1}.Release|Any CPU.ActiveCfg = Release|Any CPU
		{B7248DF8-09A3-46E3-9203-4A2CA7BBB7D1}.Release|Any CPU.Build.0 = Release|Any CPU
	EndGlobalSection
	GlobalSection(SolutionProperties) = preSolution
		HideSolutionNode = FALSE
	EndGlobalSection
	GlobalSection(ExtensibilityGlobals) = postSolution
		SolutionGuid = {50DC2D61-C211-449C-AECE-543FE8159A84}
	EndGlobalSection
EndGlobal
