
Microsoft Visual Studio Solution File, Format Version 12.00
# Visual Studio Version 16
VisualStudioVersion = 16.0.30611.23
MinimumVisualStudioVersion = 10.0.40219.1
Project("{FAE04EC0-301F-11D3-BF4B-00C04F79EFBC}") = "Builder1", "Builder1\Builder1.csproj", "{FA2AB201-684E-4083-ACE8-7DD2C66D982E}"
EndProject
Global
	GlobalSection(SolutionConfigurationPlatforms) = preSolution
		Debug|Any CPU = Debug|Any CPU
		Release|Any CPU = Release|Any CPU
	EndGlobalSection
	GlobalSection(ProjectConfigurationPlatforms) = postSolution
		{FA2AB201-684E-4083-ACE8-7DD2C66D982E}.Debug|Any CPU.ActiveCfg = Debug|Any CPU
		{FA2AB201-684E-4083-ACE8-7DD2C66D982E}.Debug|Any CPU.Build.0 = Debug|Any CPU
		{FA2AB201-684E-4083-ACE8-7DD2C66D982E}.Release|Any CPU.ActiveCfg = Release|Any CPU
		{FA2AB201-684E-4083-ACE8-7DD2C66D982E}.Release|Any CPU.Build.0 = Release|Any CPU
	EndGlobalSection
	GlobalSection(SolutionProperties) = preSolution
		HideSolutionNode = FALSE
	EndGlobalSection
	GlobalSection(ExtensibilityGlobals) = postSolution
		SolutionGuid = {22192216-C32A-4709-849E-937F0C1F117C}
	EndGlobalSection
EndGlobal
